
Microsoft Visual Studio Solution File, Format Version 12.00
# Visual Studio 2015
Project("{FAE04EC0-301F-11D3-BF4B-00C04F79EFBC}") = "AR_testing.Plugins", "AR_testing.Plugins.csproj", "{A1342314-B6A9-7837-869A-C077E7A1A819}"
EndProject
Project("{FAE04EC0-301F-11D3-BF4B-00C04F79EFBC}") = "AR_testing", "AR_testing.csproj", "{8592ED32-C5C0-175C-7C0D-55B0E4AB5EB9}"
EndProject
Project("{FAE04EC0-301F-11D3-BF4B-00C04F79EFBC}") = "AR_testing.Editor", "AR_testing.Editor.csproj", "{4E57E129-B0B1-33C9-B165-8C329CA18FA0}"
EndProject
Global
	GlobalSection(SolutionConfigurationPlatforms) = preSolution
		Debug|Any CPU = Debug|Any CPU
		Release|Any CPU = Release|Any CPU
	EndGlobalSection
	GlobalSection(ProjectConfigurationPlatforms) = postSolution
		{A1342314-B6A9-7837-869A-C077E7A1A819}.Debug|Any CPU.ActiveCfg = Debug|Any CPU
		{A1342314-B6A9-7837-869A-C077E7A1A819}.Debug|Any CPU.Build.0 = Debug|Any CPU
		{A1342314-B6A9-7837-869A-C077E7A1A819}.Release|Any CPU.ActiveCfg = Release|Any CPU
		{A1342314-B6A9-7837-869A-C077E7A1A819}.Release|Any CPU.Build.0 = Release|Any CPU
		{8592ED32-C5C0-175C-7C0D-55B0E4AB5EB9}.Debug|Any CPU.ActiveCfg = Debug|Any CPU
		{8592ED32-C5C0-175C-7C0D-55B0E4AB5EB9}.Debug|Any CPU.Build.0 = Debug|Any CPU
		{8592ED32-C5C0-175C-7C0D-55B0E4AB5EB9}.Release|Any CPU.ActiveCfg = Release|Any CPU
		{8592ED32-C5C0-175C-7C0D-55B0E4AB5EB9}.Release|Any CPU.Build.0 = Release|Any CPU
		{4E57E129-B0B1-33C9-B165-8C329CA18FA0}.Debug|Any CPU.ActiveCfg = Debug|Any CPU
		{4E57E129-B0B1-33C9-B165-8C329CA18FA0}.Debug|Any CPU.Build.0 = Debug|Any CPU
		{4E57E129-B0B1-33C9-B165-8C329CA18FA0}.Release|Any CPU.ActiveCfg = Release|Any CPU
		{4E57E129-B0B1-33C9-B165-8C329CA18FA0}.Release|Any CPU.Build.0 = Release|Any CPU
	EndGlobalSection
	GlobalSection(SolutionProperties) = preSolution
		HideSolutionNode = FALSE
	EndGlobalSection
EndGlobal
